
Microsoft Visual Studio Solution File, Format Version 12.00
# Visual Studio 15
VisualStudioVersion = 15.0.28307.421
MinimumVisualStudioVersion = 10.0.40219.1
Project("{FAE04EC0-301F-11D3-BF4B-00C04F79EFBC}") = "Academy", "Academy\Academy.csproj", "{08D66913-7AC6-4E3E-8D2E-5D6DABB1B0B2}"
EndProject
Project("{FAE04EC0-301F-11D3-BF4B-00C04F79EFBC}") = "Entities", "Entities\Entities.csproj", "{5D78AB09-864F-4FBF-817F-78539287446B}"
EndProject
Global
	GlobalSection(SolutionConfigurationPlatforms) = preSolution
		Debug|Any CPU = Debug|Any CPU
		Release|Any CPU = Release|Any CPU
	EndGlobalSection
	GlobalSection(ProjectConfigurationPlatforms) = postSolution
		{08D66913-7AC6-4E3E-8D2E-5D6DABB1B0B2}.Debug|Any CPU.ActiveCfg = Debug|Any CPU
		{08D66913-7AC6-4E3E-8D2E-5D6DABB1B0B2}.Debug|Any CPU.Build.0 = Debug|Any CPU
		{08D66913-7AC6-4E3E-8D2E-5D6DABB1B0B2}.Release|Any CPU.ActiveCfg = Release|Any CPU
		{08D66913-7AC6-4E3E-8D2E-5D6DABB1B0B2}.Release|Any CPU.Build.0 = Release|Any CPU
		{5D78AB09-864F-4FBF-817F-78539287446B}.Debug|Any CPU.ActiveCfg = Debug|Any CPU
		{5D78AB09-864F-4FBF-817F-78539287446B}.Debug|Any CPU.Build.0 = Debug|Any CPU
		{5D78AB09-864F-4FBF-817F-78539287446B}.Release|Any CPU.ActiveCfg = Release|Any CPU
		{5D78AB09-864F-4FBF-817F-78539287446B}.Release|Any CPU.Build.0 = Release|Any CPU
	EndGlobalSection
	GlobalSection(SolutionProperties) = preSolution
		HideSolutionNode = FALSE
	EndGlobalSection
	GlobalSection(ExtensibilityGlobals) = postSolution
		SolutionGuid = {76A7425E-E343-4065-9B24-7118EBC0F190}
	EndGlobalSection
EndGlobal
